{
  "name": "yjs-stack-overflow",
  "version": "1.0.0",
  "lockfileVersion": 3,
  "requires": true,
  "packages": {
    "": {
      "name": "yjs-stack-overflow",
      "version": "1.0.0",
      "license": "ISC",
      "dependencies": {
        "yjs": "^13.6.4"
      }
    },
    "node_modules/isomorphic.js": {
      "version": "0.2.5",
      "resolved": "https://maven.vpn.etonreve.com/api/npm/npm/isomorphic.js/-/isomorphic.js-0.2.5.tgz",
      "integrity": "sha512-PIeMbHqMt4DnUP3MA/Flc0HElYjMXArsw1qwJZcm9sqR8mq3l8NYizFMty0pWwE/tzIGH3EKK5+jes5mAr85yw=="
    },
    "node_modules/lib0": {
      "version": "0.2.78",
      "resolved": "https://maven.vpn.etonreve.com/api/npm/npm/lib0/-/lib0-0.2.78.tgz",
      "integrity": "sha512-SV2nU43/6eaYnGH3l0lg2wg1ziB/TH3sAd2E8quXPGwrqo+aX98SNT2ZKucpUr5B8A52jD7ZMjAl+r87Fa/bLQ==",
      "dependencies": {
        "isomorphic.js": "^0.2.4"
      },
      "bin": {
        "0gentesthtml": "bin/gentesthtml.js",
        "0serve": "bin/0serve.js"
      },
      "engines": {
        "node": ">=16"
      }
    },
    "node_modules/yjs": {
      "version": "13.6.4",
      "resolved": "https://maven.vpn.etonreve.com/api/npm/npm/yjs/-/yjs-13.6.4.tgz",
      "integrity": "sha512-AirXWU/Qws6gmaz4MMluFqahweQUyLzX7QbjHmhyqbokQIki2WpE3F/NkUyOdcgEmfdTJKVys+LGgph6smZFbg==",
      "dependencies": {
        "lib0": "^0.2.74"
      },
      "engines": {
        "node": ">=16.0.0",
        "npm": ">=8.0.0"
      }
    }
  }
}
